
Microsoft Visual Studio Solution File, Format Version 12.00
# Visual Studio Version 16
VisualStudioVersion = 16.0.29806.167
MinimumVisualStudioVersion = 10.0.40219.1
Project("{FAE04EC0-301F-11D3-BF4B-00C04F79EFBC}") = "LudoGameEngine", "LudoGameEngine\LudoGameEngine.csproj", "{B374C80F-D033-4538-AED7-4ABE0A6AC6D0}"
EndProject
Project("{FAE04EC0-301F-11D3-BF4B-00C04F79EFBC}") = "LudoBoard", "LudoBoard\LudoBoard.csproj", "{007943C9-5DAF-4FB4-B825-E1D3B058D01F}"
EndProject
Project("{FAE04EC0-301F-11D3-BF4B-00C04F79EFBC}") = "LudoTest", "LudoTest\LudoTest.csproj", "{6AF971D9-FC0C-4F2C-91EF-EA98AF2443A9}"
EndProject
Global
	GlobalSection(SolutionConfigurationPlatforms) = preSolution
		Debug|Any CPU = Debug|Any CPU
		Release|Any CPU = Release|Any CPU
	EndGlobalSection
	GlobalSection(ProjectConfigurationPlatforms) = postSolution
		{B374C80F-D033-4538-AED7-4ABE0A6AC6D0}.Debug|Any CPU.ActiveCfg = Debug|Any CPU
		{B374C80F-D033-4538-AED7-4ABE0A6AC6D0}.Debug|Any CPU.Build.0 = Debug|Any CPU
		{B374C80F-D033-4538-AED7-4ABE0A6AC6D0}.Release|Any CPU.ActiveCfg = Release|Any CPU
		{B374C80F-D033-4538-AED7-4ABE0A6AC6D0}.Release|Any CPU.Build.0 = Release|Any CPU
		{007943C9-5DAF-4FB4-B825-E1D3B058D01F}.Debug|Any CPU.ActiveCfg = Debug|Any CPU
		{007943C9-5DAF-4FB4-B825-E1D3B058D01F}.Debug|Any CPU.Build.0 = Debug|Any CPU
		{007943C9-5DAF-4FB4-B825-E1D3B058D01F}.Release|Any CPU.ActiveCfg = Release|Any CPU
		{007943C9-5DAF-4FB4-B825-E1D3B058D01F}.Release|Any CPU.Build.0 = Release|Any CPU
		{6AF971D9-FC0C-4F2C-91EF-EA98AF2443A9}.Debug|Any CPU.ActiveCfg = Debug|Any CPU
		{6AF971D9-FC0C-4F2C-91EF-EA98AF2443A9}.Debug|Any CPU.Build.0 = Debug|Any CPU
		{6AF971D9-FC0C-4F2C-91EF-EA98AF2443A9}.Release|Any CPU.ActiveCfg = Release|Any CPU
		{6AF971D9-FC0C-4F2C-91EF-EA98AF2443A9}.Release|Any CPU.Build.0 = Release|Any CPU
	EndGlobalSection
	GlobalSection(SolutionProperties) = preSolution
		HideSolutionNode = FALSE
	EndGlobalSection
	GlobalSection(ExtensibilityGlobals) = postSolution
		SolutionGuid = {795378BC-AEDA-4B38-B52C-F7EE2E5A3704}
	EndGlobalSection
EndGlobal
